
Microsoft Visual Studio Solution File, Format Version 12.00
# Visual Studio Version 17
VisualStudioVersion = 17.7.34202.233
MinimumVisualStudioVersion = 10.0.40219.1
Project("{FAE04EC0-301F-11D3-BF4B-00C04F79EFBC}") = "StateSolucao02", "StateSolucao02\StateSolucao02.csproj", "{79DBF153-7B60-40D1-B616-D7628139F259}"
EndProject
Global
	GlobalSection(SolutionConfigurationPlatforms) = preSolution
		Debug|Any CPU = Debug|Any CPU
		Release|Any CPU = Release|Any CPU
	EndGlobalSection
	GlobalSection(ProjectConfigurationPlatforms) = postSolution
		{79DBF153-7B60-40D1-B616-D7628139F259}.Debug|Any CPU.ActiveCfg = Debug|Any CPU
		{79DBF153-7B60-40D1-B616-D7628139F259}.Debug|Any CPU.Build.0 = Debug|Any CPU
		{79DBF153-7B60-40D1-B616-D7628139F259}.Release|Any CPU.ActiveCfg = Release|Any CPU
		{79DBF153-7B60-40D1-B616-D7628139F259}.Release|Any CPU.Build.0 = Release|Any CPU
	EndGlobalSection
	GlobalSection(SolutionProperties) = preSolution
		HideSolutionNode = FALSE
	EndGlobalSection
	GlobalSection(ExtensibilityGlobals) = postSolution
		SolutionGuid = {E8FD50EA-86D9-4535-9C85-6E41CC30F5A7}
	EndGlobalSection
EndGlobal
