
Microsoft Visual Studio Solution File, Format Version 12.00
# Visual Studio Version 17
VisualStudioVersion = 17.9.34728.123
MinimumVisualStudioVersion = 10.0.40219.1
Project("{FAE04EC0-301F-11D3-BF4B-00C04F79EFBC}") = "DecoratorSolucao", "DecoratorSolucao\DecoratorSolucao.csproj", "{4609C078-198E-4EA3-8AD4-AEC94F9AB542}"
EndProject
Global
	GlobalSection(SolutionConfigurationPlatforms) = preSolution
		Debug|Any CPU = Debug|Any CPU
		Release|Any CPU = Release|Any CPU
	EndGlobalSection
	GlobalSection(ProjectConfigurationPlatforms) = postSolution
		{4609C078-198E-4EA3-8AD4-AEC94F9AB542}.Debug|Any CPU.ActiveCfg = Debug|Any CPU
		{4609C078-198E-4EA3-8AD4-AEC94F9AB542}.Debug|Any CPU.Build.0 = Debug|Any CPU
		{4609C078-198E-4EA3-8AD4-AEC94F9AB542}.Release|Any CPU.ActiveCfg = Release|Any CPU
		{4609C078-198E-4EA3-8AD4-AEC94F9AB542}.Release|Any CPU.Build.0 = Release|Any CPU
	EndGlobalSection
	GlobalSection(SolutionProperties) = preSolution
		HideSolutionNode = FALSE
	EndGlobalSection
	GlobalSection(ExtensibilityGlobals) = postSolution
		SolutionGuid = {1D03662E-C1BD-4B88-809F-571656CEF0E5}
	EndGlobalSection
EndGlobal
