
Microsoft Visual Studio Solution File, Format Version 12.00
Project("{FAE04EC0-301F-11D3-BF4B-00C04F79EFBC}") = "MementoSolucao", "MementoSolucao\MementoSolucao.csproj", "{E62462E9-21C3-4FC1-A2AE-7FCF8C034B10}"
EndProject
Global
	GlobalSection(SolutionConfigurationPlatforms) = preSolution
		Debug|Any CPU = Debug|Any CPU
		Release|Any CPU = Release|Any CPU
	EndGlobalSection
	GlobalSection(ProjectConfigurationPlatforms) = postSolution
		{E62462E9-21C3-4FC1-A2AE-7FCF8C034B10}.Debug|Any CPU.ActiveCfg = Debug|Any CPU
		{E62462E9-21C3-4FC1-A2AE-7FCF8C034B10}.Debug|Any CPU.Build.0 = Debug|Any CPU
		{E62462E9-21C3-4FC1-A2AE-7FCF8C034B10}.Release|Any CPU.ActiveCfg = Release|Any CPU
		{E62462E9-21C3-4FC1-A2AE-7FCF8C034B10}.Release|Any CPU.Build.0 = Release|Any CPU
	EndGlobalSection
EndGlobal
