
Microsoft Visual Studio Solution File, Format Version 12.00
# Visual Studio Version 17
VisualStudioVersion = 17.7.34202.233
MinimumVisualStudioVersion = 10.0.40219.1
Project("{FAE04EC0-301F-11D3-BF4B-00C04F79EFBC}") = "StateSolucao03", "StateSolucao03\StateSolucao03.csproj", "{78A51384-1DF7-4A8A-A27B-20971105132A}"
EndProject
Global
	GlobalSection(SolutionConfigurationPlatforms) = preSolution
		Debug|Any CPU = Debug|Any CPU
		Release|Any CPU = Release|Any CPU
	EndGlobalSection
	GlobalSection(ProjectConfigurationPlatforms) = postSolution
		{78A51384-1DF7-4A8A-A27B-20971105132A}.Debug|Any CPU.ActiveCfg = Debug|Any CPU
		{78A51384-1DF7-4A8A-A27B-20971105132A}.Debug|Any CPU.Build.0 = Debug|Any CPU
		{78A51384-1DF7-4A8A-A27B-20971105132A}.Release|Any CPU.ActiveCfg = Release|Any CPU
		{78A51384-1DF7-4A8A-A27B-20971105132A}.Release|Any CPU.Build.0 = Release|Any CPU
	EndGlobalSection
	GlobalSection(SolutionProperties) = preSolution
		HideSolutionNode = FALSE
	EndGlobalSection
	GlobalSection(ExtensibilityGlobals) = postSolution
		SolutionGuid = {AA74E58D-CB0E-467C-A95E-EFB7A760D766}
	EndGlobalSection
EndGlobal
