
Microsoft Visual Studio Solution File, Format Version 12.00
# Visual Studio Version 17
VisualStudioVersion = 17.10.34916.146
MinimumVisualStudioVersion = 10.0.40219.1
Project("{FAE04EC0-301F-11D3-BF4B-00C04F79EFBC}") = "ChainResponsabilitySolucao", "ChainResponsabilitySolucao\ChainResponsabilitySolucao.csproj", "{6BEA15EC-A80F-47C0-B7ED-040177C9BE5E}"
EndProject
Global
	GlobalSection(SolutionConfigurationPlatforms) = preSolution
		Debug|Any CPU = Debug|Any CPU
		Release|Any CPU = Release|Any CPU
	EndGlobalSection
	GlobalSection(ProjectConfigurationPlatforms) = postSolution
		{6BEA15EC-A80F-47C0-B7ED-040177C9BE5E}.Debug|Any CPU.ActiveCfg = Debug|Any CPU
		{6BEA15EC-A80F-47C0-B7ED-040177C9BE5E}.Debug|Any CPU.Build.0 = Debug|Any CPU
		{6BEA15EC-A80F-47C0-B7ED-040177C9BE5E}.Release|Any CPU.ActiveCfg = Release|Any CPU
		{6BEA15EC-A80F-47C0-B7ED-040177C9BE5E}.Release|Any CPU.Build.0 = Release|Any CPU
	EndGlobalSection
	GlobalSection(SolutionProperties) = preSolution
		HideSolutionNode = FALSE
	EndGlobalSection
	GlobalSection(ExtensibilityGlobals) = postSolution
		SolutionGuid = {A35C6BAD-B951-47D6-B02B-23C636AFD3A1}
	EndGlobalSection
EndGlobal
